
Microsoft Visual Studio Solution File, Format Version 12.00
# Visual Studio Version 16
VisualStudioVersion = 16.0.31402.337
MinimumVisualStudioVersion = 10.0.40219.1
Project("{FAE04EC0-301F-11D3-BF4B-00C04F79EFBC}") = "JSONChallengeEFA", "JSONChallengeEFA\JSONChallengeEFA.csproj", "{C67FC75B-FDDB-4A8C-8ECB-95F8899A695B}"
EndProject
Global
	GlobalSection(SolutionConfigurationPlatforms) = preSolution
		Debug|Any CPU = Debug|Any CPU
		Release|Any CPU = Release|Any CPU
	EndGlobalSection
	GlobalSection(ProjectConfigurationPlatforms) = postSolution
		{C67FC75B-FDDB-4A8C-8ECB-95F8899A695B}.Debug|Any CPU.ActiveCfg = Debug|Any CPU
		{C67FC75B-FDDB-4A8C-8ECB-95F8899A695B}.Debug|Any CPU.Build.0 = Debug|Any CPU
		{C67FC75B-FDDB-4A8C-8ECB-95F8899A695B}.Release|Any CPU.ActiveCfg = Release|Any CPU
		{C67FC75B-FDDB-4A8C-8ECB-95F8899A695B}.Release|Any CPU.Build.0 = Release|Any CPU
	EndGlobalSection
	GlobalSection(SolutionProperties) = preSolution
		HideSolutionNode = FALSE
	EndGlobalSection
	GlobalSection(ExtensibilityGlobals) = postSolution
		SolutionGuid = {F8E8BB4A-4801-47DF-BD5A-FE7B62D665B5}
	EndGlobalSection
EndGlobal
